
Microsoft Visual Studio Solution File, Format Version 12.00
# Visual Studio 15
VisualStudioVersion = 15.0.28010.2041
MinimumVisualStudioVersion = 10.0.40219.1
Project("{FAE04EC0-301F-11D3-BF4B-00C04F79EFBC}") = "datavisualization", "datavisualization\datavisualization.csproj", "{9DA253D7-F8B4-4E78-82E0-7EB04A01FB8B}"
EndProject
Global
	GlobalSection(SolutionConfigurationPlatforms) = preSolution
		Debug|Any CPU = Debug|Any CPU
		Release|Any CPU = Release|Any CPU
	EndGlobalSection
	GlobalSection(ProjectConfigurationPlatforms) = postSolution
		{9DA253D7-F8B4-4E78-82E0-7EB04A01FB8B}.Debug|Any CPU.ActiveCfg = Debug|Any CPU
		{9DA253D7-F8B4-4E78-82E0-7EB04A01FB8B}.Debug|Any CPU.Build.0 = Debug|Any CPU
		{9DA253D7-F8B4-4E78-82E0-7EB04A01FB8B}.Release|Any CPU.ActiveCfg = Release|Any CPU
		{9DA253D7-F8B4-4E78-82E0-7EB04A01FB8B}.Release|Any CPU.Build.0 = Release|Any CPU
	EndGlobalSection
	GlobalSection(SolutionProperties) = preSolution
		HideSolutionNode = FALSE
	EndGlobalSection
	GlobalSection(ExtensibilityGlobals) = postSolution
		SolutionGuid = {BA0B394F-B7C9-468F-A587-CB2B5047D343}
	EndGlobalSection
EndGlobal
