
Microsoft Visual Studio Solution File, Format Version 12.00
# Visual Studio Version 16
VisualStudioVersion = 16.0.28606.126
MinimumVisualStudioVersion = 10.0.40219.1
Project("{9A19103F-16F7-4668-BE54-9A1E7A4F7556}") = "DataVizCore", "DataVizCore\DataVizCore.csproj", "{19004569-7066-46A3-A669-A9DC9BCB679D}"
EndProject
Project("{FAE04EC0-301F-11D3-BF4B-00C04F79EFBC}") = "DataVizDesigner", "DataVizDesigner\DataVizDesigner.csproj", "{F69512B6-99DD-4A22-A04E-8199E39D921B}"
EndProject
Project("{9A19103F-16F7-4668-BE54-9A1E7A4F7556}") = "ChartWin", "..\System.Windows.Forms.DataVisualization\ChartWin.csproj", "{FADE7BC6-7F5F-4262-A0FE-91C856DE6BB3}"
EndProject
Global
	GlobalSection(SolutionConfigurationPlatforms) = preSolution
		Debug|Any CPU = Debug|Any CPU
		Release|Any CPU = Release|Any CPU
	EndGlobalSection
	GlobalSection(ProjectConfigurationPlatforms) = postSolution
		{19004569-7066-46A3-A669-A9DC9BCB679D}.Debug|Any CPU.ActiveCfg = Debug|Any CPU
		{19004569-7066-46A3-A669-A9DC9BCB679D}.Debug|Any CPU.Build.0 = Debug|Any CPU
		{19004569-7066-46A3-A669-A9DC9BCB679D}.Release|Any CPU.ActiveCfg = Release|Any CPU
		{19004569-7066-46A3-A669-A9DC9BCB679D}.Release|Any CPU.Build.0 = Release|Any CPU
		{F69512B6-99DD-4A22-A04E-8199E39D921B}.Debug|Any CPU.ActiveCfg = Debug|Any CPU
		{F69512B6-99DD-4A22-A04E-8199E39D921B}.Debug|Any CPU.Build.0 = Debug|Any CPU
		{F69512B6-99DD-4A22-A04E-8199E39D921B}.Release|Any CPU.ActiveCfg = Release|Any CPU
		{F69512B6-99DD-4A22-A04E-8199E39D921B}.Release|Any CPU.Build.0 = Release|Any CPU
		{FADE7BC6-7F5F-4262-A0FE-91C856DE6BB3}.Debug|Any CPU.ActiveCfg = Debug|Any CPU
		{FADE7BC6-7F5F-4262-A0FE-91C856DE6BB3}.Debug|Any CPU.Build.0 = Debug|Any CPU
		{FADE7BC6-7F5F-4262-A0FE-91C856DE6BB3}.Release|Any CPU.ActiveCfg = Release|Any CPU
		{FADE7BC6-7F5F-4262-A0FE-91C856DE6BB3}.Release|Any CPU.Build.0 = Release|Any CPU
	EndGlobalSection
	GlobalSection(SolutionProperties) = preSolution
		HideSolutionNode = FALSE
	EndGlobalSection
	GlobalSection(ExtensibilityGlobals) = postSolution
		SolutionGuid = {8FD3C747-ACBA-4EC9-A176-12271D0BC5C8}
	EndGlobalSection
EndGlobal
